
Microsoft Visual Studio Solution File, Format Version 12.00
# Visual Studio Version 17
VisualStudioVersion = 17.5.002.0
MinimumVisualStudioVersion = 10.0.40219.1
Project("{9A19103F-16F7-4668-BE54-9A1E7A4F7556}") = "14-question-program-Matthew-Stroud-Student", "14-question-program-Matthew-Stroud-Student.csproj", "{82EAC93A-0BF9-4AAB-A559-F8EF4AADF494}"
EndProject
Global
	GlobalSection(SolutionConfigurationPlatforms) = preSolution
		Debug|Any CPU = Debug|Any CPU
		Release|Any CPU = Release|Any CPU
	EndGlobalSection
	GlobalSection(ProjectConfigurationPlatforms) = postSolution
		{82EAC93A-0BF9-4AAB-A559-F8EF4AADF494}.Debug|Any CPU.ActiveCfg = Debug|Any CPU
		{82EAC93A-0BF9-4AAB-A559-F8EF4AADF494}.Debug|Any CPU.Build.0 = Debug|Any CPU
		{82EAC93A-0BF9-4AAB-A559-F8EF4AADF494}.Release|Any CPU.ActiveCfg = Release|Any CPU
		{82EAC93A-0BF9-4AAB-A559-F8EF4AADF494}.Release|Any CPU.Build.0 = Release|Any CPU
	EndGlobalSection
	GlobalSection(SolutionProperties) = preSolution
		HideSolutionNode = FALSE
	EndGlobalSection
	GlobalSection(ExtensibilityGlobals) = postSolution
		SolutionGuid = {7F8AF783-2993-4F43-9737-119BAEE893EE}
	EndGlobalSection
EndGlobal
